
Microsoft Visual Studio Solution File, Format Version 12.00
# Visual Studio 15
VisualStudioVersion = 15.0.28307.572
MinimumVisualStudioVersion = 10.0.40219.1
Project("{FAE04EC0-301F-11D3-BF4B-00C04F79EFBC}") = "Tarea3_CondoriVilcapuma", "Tarea3_CondoriVilcapuma\Tarea3_CondoriVilcapuma.csproj", "{77A0595D-2942-4758-9CC2-E3FD13675A91}"
EndProject
Global
	GlobalSection(SolutionConfigurationPlatforms) = preSolution
		Debug|Any CPU = Debug|Any CPU
		Release|Any CPU = Release|Any CPU
	EndGlobalSection
	GlobalSection(ProjectConfigurationPlatforms) = postSolution
		{77A0595D-2942-4758-9CC2-E3FD13675A91}.Debug|Any CPU.ActiveCfg = Debug|Any CPU
		{77A0595D-2942-4758-9CC2-E3FD13675A91}.Debug|Any CPU.Build.0 = Debug|Any CPU
		{77A0595D-2942-4758-9CC2-E3FD13675A91}.Release|Any CPU.ActiveCfg = Release|Any CPU
		{77A0595D-2942-4758-9CC2-E3FD13675A91}.Release|Any CPU.Build.0 = Release|Any CPU
	EndGlobalSection
	GlobalSection(SolutionProperties) = preSolution
		HideSolutionNode = FALSE
	EndGlobalSection
	GlobalSection(ExtensibilityGlobals) = postSolution
		SolutionGuid = {7C4B1D50-7800-4397-803C-4EDAD3D2F2FF}
	EndGlobalSection
EndGlobal
